
Microsoft Visual Studio Solution File, Format Version 12.00
# Visual Studio Version 17
VisualStudioVersion = 17.11.35312.102
MinimumVisualStudioVersion = 10.0.40219.1
Project("{FAE04EC0-301F-11D3-BF4B-00C04F79EFBC}") = "blad3", "blad3\blad3.csproj", "{8C0C96BF-EEBB-4312-8962-10EAF23A6095}"
EndProject
Global
	GlobalSection(SolutionConfigurationPlatforms) = preSolution
		Debug|Any CPU = Debug|Any CPU
		Release|Any CPU = Release|Any CPU
	EndGlobalSection
	GlobalSection(ProjectConfigurationPlatforms) = postSolution
		{8C0C96BF-EEBB-4312-8962-10EAF23A6095}.Debug|Any CPU.ActiveCfg = Debug|Any CPU
		{8C0C96BF-EEBB-4312-8962-10EAF23A6095}.Debug|Any CPU.Build.0 = Debug|Any CPU
		{8C0C96BF-EEBB-4312-8962-10EAF23A6095}.Release|Any CPU.ActiveCfg = Release|Any CPU
		{8C0C96BF-EEBB-4312-8962-10EAF23A6095}.Release|Any CPU.Build.0 = Release|Any CPU
	EndGlobalSection
	GlobalSection(SolutionProperties) = preSolution
		HideSolutionNode = FALSE
	EndGlobalSection
	GlobalSection(ExtensibilityGlobals) = postSolution
		SolutionGuid = {0326CE86-5905-40AB-97F9-5293CD1DD43B}
	EndGlobalSection
EndGlobal
